[root]
name = "svg_to_react_coffee"
version = "0.2.0"
dependencies = [
 "case 0.0.1 (registry+https://github.com/rust-lang/crates.io-index)",
 "libc 0.1.10 (registry+https://github.com/rust-lang/crates.io-index)",
 "xml-rs 0.1.25 (registry+https://github.com/rust-lang/crates.io-index)",
]

[[package]]
name = "bitflags"
version = "0.3.2"
source = "registry+https://github.com/rust-lang/crates.io-index"

[[package]]
name = "case"
version = "0.0.1"
source = "registry+https://github.com/rust-lang/crates.io-index"

[[package]]
name = "libc"
version = "0.1.10"
source = "registry+https://github.com/rust-lang/crates.io-index"

[[package]]
name = "xml-rs"
version = "0.1.25"
source = "registry+https://github.com/rust-lang/crates.io-index"
dependencies = [
 "bitflags 0.3.2 (registry+https://github.com/rust-lang/crates.io-index)",
]

